
Microsoft Visual Studio Solution File, Format Version 12.00
# Visual Studio Version 16
VisualStudioVersion = 16.0.29009.5
MinimumVisualStudioVersion = 10.0.40219.1
Project("{FAE04EC0-301F-11D3-BF4B-00C04F79EFBC}") = "NetCoreCICD", "NetCoreCICD.csproj", "{339D3C45-FE20-49C8-973A-FF53B423D18A}"
EndProject
Global
	GlobalSection(SolutionConfigurationPlatforms) = preSolution
		Debug|Any CPU = Debug|Any CPU
		Release|Any CPU = Release|Any CPU
	EndGlobalSection
	GlobalSection(ProjectConfigurationPlatforms) = postSolution
		{339D3C45-FE20-49C8-973A-FF53B423D18A}.Debug|Any CPU.ActiveCfg = Debug|Any CPU
		{339D3C45-FE20-49C8-973A-FF53B423D18A}.Debug|Any CPU.Build.0 = Debug|Any CPU
		{339D3C45-FE20-49C8-973A-FF53B423D18A}.Release|Any CPU.ActiveCfg = Release|Any CPU
		{339D3C45-FE20-49C8-973A-FF53B423D18A}.Release|Any CPU.Build.0 = Release|Any CPU
	EndGlobalSection
	GlobalSection(SolutionProperties) = preSolution
		HideSolutionNode = FALSE
	EndGlobalSection
	GlobalSection(ExtensibilityGlobals) = postSolution
		SolutionGuid = {CC3B95DA-0B6A-4E81-9349-CFFAD70BF48B}
	EndGlobalSection
EndGlobal
